// !$*UTF8*$!
{
	archiveVersion = 1;
	classes = {
	};
	objectVersion = 46;
	objects = {

/* Begin PBXBuildFile section */
		9A61B6A61D9DF43A00F2C200 /* ZYXHUD.m in Sources */ = {isa = PBXBuildFile; fileRef = 9A61B6A51D9DF43A00F2C200 /* ZYXHUD.m */; };
		9A61B6A81D9DF44B00F2C200 /* Main.storyboard in Resources */ = {isa = PBXBuildFile; fileRef = 9A61B6A71D9DF44B00F2C200 /* Main.storyboard */; };
		9AE18A011D9CAD790048DF58 /* main.m in Sources */ = {isa = PBXBuildFile; fileRef = 9AE18A001D9CAD790048DF58 /* main.m */; };
		9AE18A041D9CAD790048DF58 /* AppDelegate.m in Sources */ = {isa = PBXBuildFile; fileRef = 9AE18A031D9CAD790048DF58 /* AppDelegate.m */; };
		9AE18A071D9CAD790048DF58 /* ViewController.m in Sources */ = {isa = PBXBuildFile; fileRef = 9AE18A061D9CAD790048DF58 /* ViewController.m */; };
		9AE18A0C1D9CAD790048DF58 /* Assets.xcassets in Resources */ = {isa = PBXBuildFile; fileRef = 9AE18A0B1D9CAD790048DF58 /* Assets.xcassets */; };
		9AE18A0F1D9CAD790048DF58 /* LaunchScreen.storyboard in Resources */ = {isa = PBXBuildFile; fileRef = 9AE18A0D1D9CAD790048DF58 /* LaunchScreen.storyboard */; };
		9AE18A1A1D9CAD790048DF58 /* ZYXHUDTests.m in Sources */ = {isa = PBXBuildFile; fileRef = 9AE18A191D9CAD790048DF58 /* ZYXHUDTests.m */; };
		9AE18A251D9CAD790048DF58 /* ZYXHUDUITests.m in Sources */ = {isa = PBXBuildFile; fileRef = 9AE18A241D9CAD790048DF58 /* ZYXHUDUITests.m */; };
/* End PBXBuildFile section */

/* Begin PBXContainerItemProxy section */
		9AE18A161D9CAD790048DF58 /* PBXContainerItemProxy */ = {
			isa = PBXContainerItemProxy;
			containerPortal = 9AE189F41D9CAD790048DF58 /* Project object */;
			proxyType = 1;
			remoteGlobalIDString = 9AE189FB1D9CAD790048DF58;
			remoteInfo = ZYXHUD;
		};
		9AE18A211D9CAD790048DF58 /* PBXContainerItemProxy */ = {
			isa = PBXContainerItemProxy;
			containerPortal = 9AE189F41D9CAD790048DF58 /* Project object */;
			proxyType = 1;
			remoteGlobalIDString = 9AE189FB1D9CAD790048DF58;
			remoteInfo = ZYXHUD;
		};
/* End PBXContainerItemProxy section */

/* Begin PBXFileReference section */
		9A61B6A41D9DF43A00F2C200 /* ZYXHUD.h */ = {isa = PBXFileReference; fileEncoding = 4; lastKnownFileType = sourcecode.c.h; path = ZYXHUD.h; sourceTree = "<group>"; };
		9A61B6A51D9DF43A00F2C200 /* ZYXHUD.m */ = {isa = PBXFileReference; fileEncoding = 4; lastKnownFileType = sourcecode.c.objc; path = ZYXHUD.m; sourceTree = "<group>"; };
		9A61B6A71D9DF44B00F2C200 /* Main.storyboard */ = {isa = PBXFileReference; fileEncoding = 4; lastKnownFileType = file.storyboard; path = Main.storyboard; sourceTree = "<group>"; };
		9AE189FC1D9CAD790048DF58 /* ZYXHUD.app */ = {isa = PBXFileReference; explicitFileType = wrapper.application; includeInIndex = 0; path = ZYXHUD.app; sourceTree = BUILT_PRODUCTS_DIR; };
		9AE18A001D9CAD790048DF58 /* main.m */ = {isa = PBXFileReference; lastKnownFileType = sourcecode.c.objc; path = main.m; sourceTree = "<group>"; };
		9AE18A021D9CAD790048DF58 /* AppDelegate.h */ = {isa = PBXFileReference; lastKnownFileType = sourcecode.c.h; path = AppDelegate.h; sourceTree = "<group>"; };
		9AE18A031D9CAD790048DF58 /* AppDelegate.m */ = {isa = PBXFileReference; lastKnownFileType = sourcecode.c.objc; path = AppDelegate.m; sourceTree = "<group>"; };
		9AE18A051D9CAD790048DF58 /* ViewController.h */ = {isa = PBXFileReference; lastKnownFileType = sourcecode.c.h; path = ViewController.h; sourceTree = "<group>"; };
		9AE18A061D9CAD790048DF58 /* ViewController.m */ = {isa = PBXFileReference; lastKnownFileType = sourcecode.c.objc; path = ViewController.m; sourceTree = "<group>"; };
		9AE18A0B1D9CAD790048DF58 /* Assets.xcassets */ = {isa = PBXFileReference; lastKnownFileType = folder.assetcatalog; path = Assets.xcassets; sourceTree = "<group>"; };
		9AE18A0E1D9CAD790048DF58 /* Base */ = {isa = PBXFileReference; lastKnownFileType = file.storyboard; name = Base; path = Base.lproj/LaunchScreen.storyboard; sourceTree = "<group>"; };
		9AE18A101D9CAD790048DF58 /* Info.plist */ = {isa = PBXFileReference; lastKnownFileType = text.plist.xml; path = Info.plist; sourceTree = "<group>"; };
		9AE18A151D9CAD790048DF58 /* ZYXHUDTests.xctest */ = {isa = PBXFileReference; explicitFileType = wrapper.cfbundle; includeInIndex = 0; path = ZYXHUDTests.xctest; sourceTree = BUILT_PRODUCTS_DIR; };
		9AE18A191D9CAD790048DF58 /* ZYXHUDTests.m */ = {isa = PBXFileReference; lastKnownFileType = sourcecode.c.objc; path = ZYXHUDTests.m; sourceTree = "<group>"; };
		9AE18A1B1D9CAD790048DF58 /* Info.plist */ = {isa = PBXFileReference; lastKnownFileType = text.plist.xml; path = Info.plist; sourceTree = "<group>"; };
		9AE18A201D9CAD790048DF58 /* ZYXHUDUITests.xctest */ = {isa = PBXFileReference; explicitFileType = wrapper.cfbundle; includeInIndex = 0; path = ZYXHUDUITests.xctest; sourceTree = BUILT_PRODUCTS_DIR; };
		9AE18A241D9CAD790048DF58 /* ZYXHUDUITests.m */ = {isa = PBXFileReference; lastKnownFileType = sourcecode.c.objc; path = ZYXHUDUITests.m; sourceTree = "<group>"; };
		9AE18A261D9CAD790048DF58 /* Info.plist */ = {isa = PBXFileReference; lastKnownFileType = text.plist.xml; path = Info.plist; sourceTree = "<group>"; };
/* End PBXFileReference section */

/* Begin PBXFrameworksBuildPhase section */
		9AE189F91D9CAD790048DF58 /* Frameworks */ = {
			isa = PBXFrameworksBuildPhase;
			buildActionMask = 2147483647;
			files = (
			);
			runOnlyForDeploymentPostprocessing = 0;
		};
		9AE18A121D9CAD790048DF58 /* Frameworks */ = {
			isa = PBXFrameworksBuildPhase;
			buildActionMask = 2147483647;
			files = (
			);
			runOnlyForDeploymentPostprocessing = 0;
		};
		9AE18A1D1D9CAD790048DF58 /* Frameworks */ = {
			isa = PBXFrameworksBuildPhase;
			buildActionMask = 2147483647;
			files = (
			);
			runOnlyForDeploymentPostprocessing = 0;
		};
/* End PBXFrameworksBuildPhase section */

/* Begin PBXGroup section */
		9A61B6A31D9DF43A00F2C200 /* ZYXHUD */ = {
			isa = PBXGroup;
			children = (
				9A61B6A41D9DF43A00F2C200 /* ZYXHUD.h */,
				9A61B6A51D9DF43A00F2C200 /* ZYXHUD.m */,
			);
			path = ZYXHUD;
			sourceTree = "<group>";
		};
		9AE189F31D9CAD790048DF58 = {
			isa = PBXGroup;
			children = (
				9AE189FE1D9CAD790048DF58 /* ZYXHUD */,
				9AE18A181D9CAD790048DF58 /* ZYXHUDTests */,
				9AE18A231D9CAD790048DF58 /* ZYXHUDUITests */,
				9AE189FD1D9CAD790048DF58 /* Products */,
			);
			sourceTree = "<group>";
		};
		9AE189FD1D9CAD790048DF58 /* Products */ = {
			isa = PBXGroup;
			children = (
				9AE189FC1D9CAD790048DF58 /* ZYXHUD.app */,
				9AE18A151D9CAD790048DF58 /* ZYXHUDTests.xctest */,
				9AE18A201D9CAD790048DF58 /* ZYXHUDUITests.xctest */,
			);
			name = Products;
			sourceTree = "<group>";
		};
		9AE189FE1D9CAD790048DF58 /* ZYXHUD */ = {
			isa = PBXGroup;
			children = (
				9A61B6A31D9DF43A00F2C200 /* ZYXHUD */,
				9AE18A021D9CAD790048DF58 /* AppDelegate.h */,
				9AE18A031D9CAD790048DF58 /* AppDelegate.m */,
				9AE18A051D9CAD790048DF58 /* ViewController.h */,
				9AE18A061D9CAD790048DF58 /* ViewController.m */,
				9AE18A0B1D9CAD790048DF58 /* Assets.xcassets */,
				9AE18A0D1D9CAD790048DF58 /* LaunchScreen.storyboard */,
				9A61B6A71D9DF44B00F2C200 /* Main.storyboard */,
				9AE18A101D9CAD790048DF58 /* Info.plist */,
				9AE189FF1D9CAD790048DF58 /* Supporting Files */,
			);
			path = ZYXHUD;
			sourceTree = "<group>";
		};
		9AE189FF1D9CAD790048DF58 /* Supporting Files */ = {
			isa = PBXGroup;
			children = (
				9AE18A001D9CAD790048DF58 /* main.m */,
			);
			name = "Supporting Files";
			sourceTree = "<group>";
		};
		9AE18A181D9CAD790048DF58 /* ZYXHUDTests */ = {
			isa = PBXGroup;
			children = (
				9AE18A191D9CAD790048DF58 /* ZYXHUDTests.m */,
				9AE18A1B1D9CAD790048DF58 /* Info.plist */,
			);
			path = ZYXHUDTests;
			sourceTree = "<group>";
		};
		9AE18A231D9CAD790048DF58 /* ZYXHUDUITests */ = {
			isa = PBXGroup;
			children = (
				9AE18A241D9CAD790048DF58 /* ZYXHUDUITests.m */,
				9AE18A261D9CAD790048DF58 /* Info.plist */,
			);
			path = ZYXHUDUITests;
			sourceTree = "<group>";
		};
/* End PBXGroup section */

/* Begin PBXNativeTarget section */
		9AE189FB1D9CAD790048DF58 /* ZYXHUD */ = {
			isa = PBXNativeTarget;
			buildConfigurationList = 9AE18A291D9CAD790048DF58 /* Build configuration list for PBXNativeTarget "ZYXHUD" */;
			buildPhases = (
				9AE189F81D9CAD790048DF58 /* Sources */,
				9AE189F91D9CAD790048DF58 /* Frameworks */,
				9AE189FA1D9CAD790048DF58 /* Resources */,
			);
			buildRules = (
			);
			dependencies = (
			);
			name = ZYXHUD;
			productName = ZYXHUD;
			productReference = 9AE189FC1D9CAD790048DF58 /* ZYXHUD.app */;
			productType = "com.apple.product-type.application";
		};
		9AE18A141D9CAD790048DF58 /* ZYXHUDTests */ = {
			isa = PBXNativeTarget;
			buildConfigurationList = 9AE18A2C1D9CAD790048DF58 /* Build configuration list for PBXNativeTarget "ZYXHUDTests" */;
			buildPhases = (
				9AE18A111D9CAD790048DF58 /* Sources */,
				9AE18A121D9CAD790048DF58 /* Frameworks */,
				9AE18A131D9CAD790048DF58 /* Resources */,
			);
			buildRules = (
			);
			dependencies = (
				9AE18A171D9CAD790048DF58 /* PBXTargetDependency */,
			);
			name = ZYXHUDTests;
			productName = ZYXHUDTests;
			productReference = 9AE18A151D9CAD790048DF58 /* ZYXHUDTests.xctest */;
			productType = "com.apple.product-type.bundle.unit-test";
		};
		9AE18A1F1D9CAD790048DF58 /* ZYXHUDUITests */ = {
			isa = PBXNativeTarget;
			buildConfigurationList = 9AE18A2F1D9CAD790048DF58 /* Build configuration list for PBXNativeTarget "ZYXHUDUITests" */;
			buildPhases = (
				9AE18A1C1D9CAD790048DF58 /* Sources */,
				9AE18A1D1D9CAD790048DF58 /* Frameworks */,
				9AE18A1E1D9CAD790048DF58 /* Resources */,
			);
			buildRules = (
			);
			dependencies = (
				9AE18A221D9CAD790048DF58 /* PBXTargetDependency */,
			);
			name = ZYXHUDUITests;
			productName = ZYXHUDUITests;
			productReference = 9AE18A201D9CAD790048DF58 /* ZYXHUDUITests.xctest */;
			productType = "com.apple.product-type.bundle.ui-testing";
		};
/* End PBXNativeTarget section */

/* Begin PBXProject section */
		9AE189F41D9CAD790048DF58 /* Project object */ = {
			isa = PBXProject;
			attributes = {
				LastUpgradeCheck = 0730;
				ORGANIZATIONNAME = Archer_Z;
				TargetAttributes = {
					9AE189FB1D9CAD790048DF58 = {
						CreatedOnToolsVersion = 7.3.1;
						DevelopmentTeam = 5W4U8UERR4;
					};
					9AE18A141D9CAD790048DF58 = {
						CreatedOnToolsVersion = 7.3.1;
						DevelopmentTeam = 5W4U8UERR4;
						TestTargetID = 9AE189FB1D9CAD790048DF58;
					};
					9AE18A1F1D9CAD790048DF58 = {
						CreatedOnToolsVersion = 7.3.1;
						DevelopmentTeam = 5W4U8UERR4;
						TestTargetID = 9AE189FB1D9CAD790048DF58;
					};
				};
			};
			buildConfigurationList = 9AE189F71D9CAD790048DF58 /* Build configuration list for PBXProject "ZYXHUD" */;
			compatibilityVersion = "Xcode 3.2";
			developmentRegion = English;
			hasScannedForEncodings = 0;
			knownRegions = (
				en,
				Base,
			);
			mainGroup = 9AE189F31D9CAD790048DF58;
			productRefGroup = 9AE189FD1D9CAD790048DF58 /* Products */;
			projectDirPath = "";
			projectRoot = "";
			targets = (
				9AE189FB1D9CAD790048DF58 /* ZYXHUD */,
				9AE18A141D9CAD790048DF58 /* ZYXHUDTests */,
				9AE18A1F1D9CAD790048DF58 /* ZYXHUDUITests */,
			);
		};
/* End PBXProject section */

/* Begin PBXResourcesBuildPhase section */
		9AE189FA1D9CAD790048DF58 /* Resources */ = {
			isa = PBXResourcesBuildPhase;
			buildActionMask = 2147483647;
			files = (
				9A61B6A81D9DF44B00F2C200 /* Main.storyboard in Resources */,
				9AE18A0F1D9CAD790048DF58 /* LaunchScreen.storyboard in Resources */,
				9AE18A0C1D9CAD790048DF58 /* Assets.xcassets in Resources */,
			);
			runOnlyForDeploymentPostprocessing = 0;
		};
		9AE18A131D9CAD790048DF58 /* Resources */ = {
			isa = PBXResourcesBuildPhase;
			buildActionMask = 2147483647;
			files = (
			);
			runOnlyForDeploymentPostprocessing = 0;
		};
		9AE18A1E1D9CAD790048DF58 /* Resources */ = {
			isa = PBXResourcesBuildPhase;
			buildActionMask = 2147483647;
			files = (
			);
			runOnlyForDeploymentPostprocessing = 0;
		};
/* End PBXResourcesBuildPhase section */

/* Begin PBXSourcesBuildPhase section */
		9AE189F81D9CAD790048DF58 /* Sources */ = {
			isa = PBXSourcesBuildPhase;
			buildActionMask = 2147483647;
			files = (
				9AE18A071D9CAD790048DF58 /* ViewController.m in Sources */,
				9AE18A041D9CAD790048DF58 /* AppDelegate.m in Sources */,
				9AE18A011D9CAD790048DF58 /* main.m in Sources */,
				9A61B6A61D9DF43A00F2C200 /* ZYXHUD.m in Sources */,
			);
			runOnlyForDeploymentPostprocessing = 0;
		};
		9AE18A111D9CAD790048DF58 /* Sources */ = {
			isa = PBXSourcesBuildPhase;
			buildActionMask = 2147483647;
			files = (
				9AE18A1A1D9CAD790048DF58 /* ZYXHUDTests.m in Sources */,
			);
			runOnlyForDeploymentPostprocessing = 0;
		};
		9AE18A1C1D9CAD790048DF58 /* Sources */ = {
			isa = PBXSourcesBuildPhase;
			buildActionMask = 2147483647;
			files = (
				9AE18A251D9CAD790048DF58 /* ZYXHUDUITests.m in Sources */,
			);
			runOnlyForDeploymentPostprocessing = 0;
		};
/* End PBXSourcesBuildPhase section */

/* Begin PBXTargetDependency section */
		9AE18A171D9CAD790048DF58 /* PBXTargetDependency */ = {
			isa = PBXTargetDependency;
			target = 9AE189FB1D9CAD790048DF58 /* ZYXHUD */;
			targetProxy = 9AE18A161D9CAD790048DF58 /* PBXContainerItemProxy */;
		};
		9AE18A221D9CAD790048DF58 /* PBXTargetDependency */ = {
			isa = PBXTargetDependency;
			target = 9AE189FB1D9CAD790048DF58 /* ZYXHUD */;
			targetProxy = 9AE18A211D9CAD790048DF58 /* PBXContainerItemProxy */;
		};
/* End PBXTargetDependency section */

/* Begin PBXVariantGroup section */
		9AE18A0D1D9CAD790048DF58 /* LaunchScreen.storyboard */ = {
			isa = PBXVariantGroup;
			children = (
				9AE18A0E1D9CAD790048DF58 /* Base */,
			);
			name = LaunchScreen.storyboard;
			sourceTree = "<group>";
		};
/* End PBXVariantGroup section */

/* Begin XCBuildConfiguration section */
		9AE18A271D9CAD790048DF58 /* Debug */ = {
			isa = XCBuildConfiguration;
			buildSettings = {
				ALWAYS_SEARCH_USER_PATHS = NO;
				CLANG_ANALYZER_NONNULL = YES;
				CLANG_CXX_LANGUAGE_STANDARD = "gnu++0x";
				CLANG_CXX_LIBRARY = "libc++";
				CLANG_ENABLE_MODULES = YES;
				CLANG_ENABLE_OBJC_ARC = YES;
				CLANG_WARN_BOOL_CONVERSION = YES;
				CLANG_WARN_CONSTANT_CONVERSION = YES;
				CLANG_WARN_DIRECT_OBJC_ISA_USAGE = YES_ERROR;
				CLANG_WARN_EMPTY_BODY = YES;
				CLANG_WARN_ENUM_CONVERSION = YES;
				CLANG_WARN_INT_CONVERSION = YES;
				CLANG_WARN_OBJC_ROOT_CLASS = YES_ERROR;
				CLANG_WARN_UNREACHABLE_CODE = YES;
				CLANG_WARN__DUPLICATE_METHOD_MATCH = YES;
				"CODE_SIGN_IDENTITY[sdk=iphoneos*]" = "iPhone Developer";
				COPY_PHASE_STRIP = NO;
				DEBUG_INFORMATION_FORMAT = dwarf;
				ENABLE_STRICT_OBJC_MSGSEND = YES;
				ENABLE_TESTABILITY = YES;
				GCC_C_LANGUAGE_STANDARD = gnu99;
				GCC_DYNAMIC_NO_PIC = NO;
				GCC_NO_COMMON_BLOCKS = YES;
				GCC_OPTIMIZATION_LEVEL = 0;
				GCC_PREPROCESSOR_DEFINITIONS = (
					"DEBUG=1",
					"$(inherited)",
				);
				GCC_WARN_64_TO_32_BIT_CONVERSION = YES;
				GCC_WARN_ABOUT_RETURN_TYPE = YES_ERROR;
				GCC_WARN_UNDECLARED_SELECTOR = YES;
				GCC_WARN_UNINITIALIZED_AUTOS = YES_AGGRESSIVE;
				GCC_WARN_UNUSED_FUNCTION = YES;
				GCC_WARN_UNUSED_VARIABLE = YES;
				IPHONEOS_DEPLOYMENT_TARGET = 9.3;
				MTL_ENABLE_DEBUG_INFO = YES;
				ONLY_ACTIVE_ARCH = YES;
				SDKROOT = iphoneos;
				TARGETED_DEVICE_FAMILY = "1,2";
			};
			name = Debug;
		};
		9AE18A281D9CAD790048DF58 /* Release */ = {
			isa = XCBuildConfiguration;
			buildSettings = {
				ALWAYS_SEARCH_USER_PATHS = NO;
				CLANG_ANALYZER_NONNULL = YES;
				CLANG_CXX_LANGUAGE_STANDARD = "gnu++0x";
				CLANG_CXX_LIBRARY = "libc++";
				CLANG_ENABLE_MODULES = YES;
				CLANG_ENABLE_OBJC_ARC = YES;
				CLANG_WARN_BOOL_CONVERSION = YES;
				CLANG_WARN_CONSTANT_CONVERSION = YES;
				CLANG_WARN_DIRECT_OBJC_ISA_USAGE = YES_ERROR;
				CLANG_WARN_EMPTY_BODY = YES;
				CLANG_WARN_ENUM_CONVERSION = YES;
				CLANG_WARN_INT_CONVERSION = YES;
				CLANG_WARN_OBJC_ROOT_CLASS = YES_ERROR;
				CLANG_WARN_UNREACHABLE_CODE = YES;
				CLANG_WARN__DUPLICATE_METHOD_MATCH = YES;
				"CODE_SIGN_IDENTITY[sdk=iphoneos*]" = "iPhone Developer";
				COPY_PHASE_STRIP = NO;
				DEBUG_INFORMATION_FORMAT = "dwarf-with-dsym";
				ENABLE_NS_ASSERTIONS = NO;
				ENABLE_STRICT_OBJC_MSGSEND = YES;
				GCC_C_LANGUAGE_STANDARD = gnu99;
				GCC_NO_COMMON_BLOCKS = YES;
				GCC_WARN_64_TO_32_BIT_CONVERSION = YES;
				GCC_WARN_ABOUT_RETURN_TYPE = YES_ERROR;
				GCC_WARN_UNDECLARED_SELECTOR = YES;
				GCC_WARN_UNINITIALIZED_AUTOS = YES_AGGRESSIVE;
				GCC_WARN_UNUSED_FUNCTION = YES;
				GCC_WARN_UNUSED_VARIABLE = YES;
				IPHONEOS_DEPLOYMENT_TARGET = 9.3;
				MTL_ENABLE_DEBUG_INFO = NO;
				SDKROOT = iphoneos;
				TARGETED_DEVICE_FAMILY = "1,2";
				VALIDATE_PRODUCT = YES;
			};
			name = Release;
		};
		9AE18A2A1D9CAD790048DF58 /* Debug */ = {
			isa = XCBuildConfiguration;
			buildSettings = {
				ASSETCATALOG_COMPILER_APPICON_NAME = AppIcon;
				INFOPLIST_FILE = ZYXHUD/Info.plist;
				LD_RUNPATH_SEARCH_PATHS = "$(inherited) @executable_path/Frameworks";
				PRODUCT_BUNDLE_IDENTIFIER = com.myself.ZYXHUD;
				PRODUCT_NAME = "$(TARGET_NAME)";
			};
			name = Debug;
		};
		9AE18A2B1D9CAD790048DF58 /* Release */ = {
			isa = XCBuildConfiguration;
			buildSettings = {
				ASSETCATALOG_COMPILER_APPICON_NAME = AppIcon;
				INFOPLIST_FILE = ZYXHUD/Info.plist;
				LD_RUNPATH_SEARCH_PATHS = "$(inherited) @executable_path/Frameworks";
				PRODUCT_BUNDLE_IDENTIFIER = com.myself.ZYXHUD;
				PRODUCT_NAME = "$(TARGET_NAME)";
			};
			name = Release;
		};
		9AE18A2D1D9CAD790048DF58 /* Debug */ = {
			isa = XCBuildConfiguration;
			buildSettings = {
				BUNDLE_LOADER = "$(TEST_HOST)";
				INFOPLIST_FILE = ZYXHUDTests/Info.plist;
				LD_RUNPATH_SEARCH_PATHS = "$(inherited) @executable_path/Frameworks @loader_path/Frameworks";
				PRODUCT_BUNDLE_IDENTIFIER = com.myself.ZYXHUDTests;
				PRODUCT_NAME = "$(TARGET_NAME)";
				TEST_HOST = "$(BUILT_PRODUCTS_DIR)/ZYXHUD.app/ZYXHUD";
			};
			name = Debug;
		};
		9AE18A2E1D9CAD790048DF58 /* Release */ = {
			isa = XCBuildConfiguration;
			buildSettings = {
				BUNDLE_LOADER = "$(TEST_HOST)";
				INFOPLIST_FILE = ZYXHUDTests/Info.plist;
				LD_RUNPATH_SEARCH_PATHS = "$(inherited) @executable_path/Frameworks @loader_path/Frameworks";
				PRODUCT_BUNDLE_IDENTIFIER = com.myself.ZYXHUDTests;
				PRODUCT_NAME = "$(TARGET_NAME)";
				TEST_HOST = "$(BUILT_PRODUCTS_DIR)/ZYXHUD.app/ZYXHUD";
			};
			name = Release;
		};
		9AE18A301D9CAD790048DF58 /* Debug */ = {
			isa = XCBuildConfiguration;
			buildSettings = {
				INFOPLIST_FILE = ZYXHUDUITests/Info.plist;
				LD_RUNPATH_SEARCH_PATHS = "$(inherited) @executable_path/Frameworks @loader_path/Frameworks";
				PRODUCT_BUNDLE_IDENTIFIER = com.myself.ZYXHUDUITests;
				PRODUCT_NAME = "$(TARGET_NAME)";
				TEST_TARGET_NAME = ZYXHUD;
			};
			name = Debug;
		};
		9AE18A311D9CAD790048DF58 /* Release */ = {
			isa = XCBuildConfiguration;
			buildSettings = {
				INFOPLIST_FILE = ZYXHUDUITests/Info.plist;
				LD_RUNPATH_SEARCH_PATHS = "$(inherited) @executable_path/Frameworks @loader_path/Frameworks";
				PRODUCT_BUNDLE_IDENTIFIER = com.myself.ZYXHUDUITests;
				PRODUCT_NAME = "$(TARGET_NAME)";
				TEST_TARGET_NAME = ZYXHUD;
			};
			name = Release;
		};
/* End XCBuildConfiguration section */

/* Begin XCConfigurationList section */
		9AE189F71D9CAD790048DF58 /* Build configuration list for PBXProject "ZYXHUD" */ = {
			isa = XCConfigurationList;
			buildConfigurations = (
				9AE18A271D9CAD790048DF58 /* Debug */,
				9AE18A281D9CAD790048DF58 /* Release */,
			);
			defaultConfigurationIsVisible = 0;
			defaultConfigurationName = Release;
		};
		9AE18A291D9CAD790048DF58 /* Build configuration list for PBXNativeTarget "ZYXHUD" */ = {
			isa = XCConfigurationList;
			buildConfigurations = (
				9AE18A2A1D9CAD790048DF58 /* Debug */,
				9AE18A2B1D9CAD790048DF58 /* Release */,
			);
			defaultConfigurationIsVisible = 0;
			defaultConfigurationName = Release;
		};
		9AE18A2C1D9CAD790048DF58 /* Build configuration list for PBXNativeTarget "ZYXHUDTests" */ = {
			isa = XCConfigurationList;
			buildConfigurations = (
				9AE18A2D1D9CAD790048DF58 /* Debug */,
				9AE18A2E1D9CAD790048DF58 /* Release */,
			);
			defaultConfigurationIsVisible = 0;
			defaultConfigurationName = Release;
		};
		9AE18A2F1D9CAD790048DF58 /* Build configuration list for PBXNativeTarget "ZYXHUDUITests" */ = {
			isa = XCConfigurationList;
			buildConfigurations = (
				9AE18A301D9CAD790048DF58 /* Debug */,
				9AE18A311D9CAD790048DF58 /* Release */,
			);
			defaultConfigurationIsVisible = 0;
			defaultConfigurationName = Release;
		};
/* End XCConfigurationList section */
	};
	rootObject = 9AE189F41D9CAD790048DF58 /* Project object */;
}
